
Microsoft Visual Studio Solution File, Format Version 12.00
# Visual Studio Version 17
VisualStudioVersion = 17.7.34202.233
MinimumVisualStudioVersion = 10.0.40219.1
Project("{FAE04EC0-301F-11D3-BF4B-00C04F79EFBC}") = "SecondClass", "SecondClass.csproj", "{F1FDD0C6-C7A8-49A8-9CAA-3C391BD982E8}"
EndProject
Global
	GlobalSection(SolutionConfigurationPlatforms) = preSolution
		Debug|Any CPU = Debug|Any CPU
		Release|Any CPU = Release|Any CPU
	EndGlobalSection
	GlobalSection(ProjectConfigurationPlatforms) = postSolution
		{F1FDD0C6-C7A8-49A8-9CAA-3C391BD982E8}.Debug|Any CPU.ActiveCfg = Debug|Any CPU
		{F1FDD0C6-C7A8-49A8-9CAA-3C391BD982E8}.Debug|Any CPU.Build.0 = Debug|Any CPU
		{F1FDD0C6-C7A8-49A8-9CAA-3C391BD982E8}.Release|Any CPU.ActiveCfg = Release|Any CPU
		{F1FDD0C6-C7A8-49A8-9CAA-3C391BD982E8}.Release|Any CPU.Build.0 = Release|Any CPU
	EndGlobalSection
	GlobalSection(SolutionProperties) = preSolution
		HideSolutionNode = FALSE
	EndGlobalSection
	GlobalSection(ExtensibilityGlobals) = postSolution
		SolutionGuid = {C93B64E6-26F8-4662-90C1-02633EA04288}
	EndGlobalSection
EndGlobal
