
Microsoft Visual Studio Solution File, Format Version 12.00
# Visual Studio Version 17
VisualStudioVersion = 17.7.34202.233
MinimumVisualStudioVersion = 10.0.40219.1
Project("{FAE04EC0-301F-11D3-BF4B-00C04F79EFBC}") = "Card", "Card.csproj", "{B44E78F2-4D6B-488A-9677-314A117D1FAF}"
EndProject
Global
	GlobalSection(SolutionConfigurationPlatforms) = preSolution
		Debug|Any CPU = Debug|Any CPU
		Release|Any CPU = Release|Any CPU
	EndGlobalSection
	GlobalSection(ProjectConfigurationPlatforms) = postSolution
		{B44E78F2-4D6B-488A-9677-314A117D1FAF}.Debug|Any CPU.ActiveCfg = Debug|Any CPU
		{B44E78F2-4D6B-488A-9677-314A117D1FAF}.Debug|Any CPU.Build.0 = Debug|Any CPU
		{B44E78F2-4D6B-488A-9677-314A117D1FAF}.Release|Any CPU.ActiveCfg = Release|Any CPU
		{B44E78F2-4D6B-488A-9677-314A117D1FAF}.Release|Any CPU.Build.0 = Release|Any CPU
	EndGlobalSection
	GlobalSection(SolutionProperties) = preSolution
		HideSolutionNode = FALSE
	EndGlobalSection
	GlobalSection(ExtensibilityGlobals) = postSolution
		SolutionGuid = {7EBFD2EA-26A1-4E80-B802-1E2D40D502E0}
	EndGlobalSection
EndGlobal
